{
    "_meta": {
        "hash": {
            "sha256": "fe997b586a2c67d1bf39033dba1e062fb5c57c02835e58533e00a6981484fd96"
        },
        "pipfile-spec": 6,
        "requires": {
            "python_version": "3.6"
        },
        "sources": [
            {
                "name": "pypi",
                "url": "https://pypi.org/simple",
                "verify_ssl": true
            }
        ]
    },
    "default": {
        "greenlet": {
            "hashes": [
                "sha256:0411b5bf0de5ec11060925fd811ad49073fa19f995bcf408839eb619b59bb9f7",
                "sha256:131f4ed14f0fd28d2a9fa50f79a57d5ed1c8f742d3ccac3d773fee09ef6fe217",
                "sha256:13510d32f8db72a0b3e1720dbf8cba5c4eecdf07abc4cb631982f51256c453d1",
                "sha256:31dc4d77ef04ab0460d024786f51466dbbc274fda7c8aad0885a6df5ff8d642e",
                "sha256:35021d9fecea53b21e4defec0ff3ad69a8e2b75aca1ceddd444a5ba71216547e",
                "sha256:426a8ef9e3b97c27e841648241c2862442c13c91ec4a48c4a72b262ccf30add9",
                "sha256:58217698193fb94f3e6ff57eed0ae20381a8d06c2bc10151f76c06bb449a3a19",
                "sha256:5f45adbbb69281845981bb4e0a4efb8a405f10f3cd6c349cb4a5db3357c6bf93",
                "sha256:5fdb524767288f7ad161d2182f7ed6cafc0a283363728dcd04b9485f6411547c",
                "sha256:71fbee1f7ef3fb42efa3761a8faefc796e7e425f528de536cfb4c9de03bde885",
                "sha256:80bd314157851d06f7db7ca527082dbb0ee97afefb529cdcd59f7a5950927ba0",
                "sha256:b843c9ef6aed54a2649887f55959da0031595ccfaf7e7a0ba7aa681ffeaa0aa1",
                "sha256:c6a05ef8125503d2d282ccf1448e3599b8a6bd805c3cdee79760fa3da0ea090e",
                "sha256:deeda2769a52db840efe5bf7bdf7cefa0ae17b43a844a3259d39fb9465c8b008",
                "sha256:e66f8b09eec1afdcab947d3a1d65b87b25fde39e9172ae1bec562488335633b4",
                "sha256:e8db93045414980dbada8908d49dbbc0aa134277da3ff613b3e548cb275bdd37",
                "sha256:f1cc268a15ade58d9a0c04569fe6613e19b8b0345b64453064e2c3c6d79051af",
                "sha256:fe3001b6a4f3f3582a865b9e5081cc548b973ec20320f297f5e2d46860e9c703",
                "sha256:fe85bf7adb26eb47ad53a1bae5d35a28df16b2b93b89042a3a28746617a4738d"
            ],
            "version": "==0.4.14"
        },
        "msgpack": {
            "hashes": [
                "sha256:0b3b1773d2693c70598585a34ca2715873ba899565f0a7c9a1545baef7e7fbdc",
                "sha256:0bae5d1538c5c6a75642f75a1781f3ac2275d744a92af1a453c150da3446138b",
                "sha256:0ee8c8c85aa651be3aa0cd005b5931769eaa658c948ce79428766f1bd46ae2c3",
                "sha256:1369f9edba9500c7a6489b70fdfac773e925342f4531f1e3d4c20ac3173b1ae0",
                "sha256:22d9c929d1d539f37da3d1b0e16270fa9d46107beab8c0d4d2bddffffe895cee",
                "sha256:2ff43e3247a1e11d544017bb26f580a68306cec7a6257d8818893c1fda665f42",
                "sha256:31a98047355d34d047fcdb55b09cb19f633cf214c705a765bd745456c142130c",
                "sha256:8767eb0032732c3a0da92cbec5ac186ef89a3258c6edca09161472ca0206c45f",
                "sha256:8acc8910218555044e23826980b950e96685dc48124a290c86f6f41a296ea172",
                "sha256:ab189a6365be1860a5ecf8159c248f12d33f79ea799ae9695fa6a29896dcf1d4",
                "sha256:cfd6535feb0f1cf1c7cdb25773e965cc9f92928244a8c3ef6f8f8a8e1f7ae5c4",
                "sha256:e274cd4480d8c76ec467a85a9c6635bbf2258f0649040560382ab58cabb44bcf",
                "sha256:f86642d60dca13e93260187d56c2bef2487aa4d574a669e8ceefcf9f4c26fd00",
                "sha256:f8a57cbda46a94ed0db55b73e6ab0c15e78b4ede8690fa491a0e55128d552bb0",
                "sha256:fcea97a352416afcbccd7af9625159d80704a25c519c251c734527329bb20d0e"
            ],
            "version": "==0.5.6"
        },
        "neovim": {
            "hashes": [
                "sha256:6ce58a742e0427491c0e1c8108556ee72ba33844209bd9e226b8da9538299276"
            ],
            "index": "pypi",
            "version": "==0.2.6"
        }
    },
    "develop": {}
}
